// !$*UTF8*$!
{
	archiveVersion = 1;
	classes = {
	};
	objectVersion = 46;
	objects = {

/* Begin PBXBuildFile section */
		CC3036A81D52D340009DADBD /* AppDelegate.swift in Sources */ = {isa = PBXBuildFile; fileRef = CC3036A71D52D340009DADBD /* AppDelegate.swift */; };
		CC3036AA1D52D340009DADBD /* ViewController.swift in Sources */ = {isa = PBXBuildFile; fileRef = CC3036A91D52D340009DADBD /* ViewController.swift */; };
		CC3036AF1D52D341009DADBD /* Assets.xcassets in Resources */ = {isa = PBXBuildFile; fileRef = CC3036AE1D52D341009DADBD /* Assets.xcassets */; };
		CC3036B21D52D341009DADBD /* LaunchScreen.storyboard in Resources */ = {isa = PBXBuildFile; fileRef = CC3036B01D52D341009DADBD /* LaunchScreen.storyboard */; };
		CC3036BB1D52D7D5009DADBD /* Main.storyboard in Resources */ = {isa = PBXBuildFile; fileRef = CC3036B91D52D7D5009DADBD /* Main.storyboard */; };
		CC3036BD1D52D8EB009DADBD /* FirstViewController.swift in Sources */ = {isa = PBXBuildFile; fileRef = CC3036BC1D52D8EB009DADBD /* FirstViewController.swift */; };
		CC3036BF1D52DF3D009DADBD /* SecondViewController.swift in Sources */ = {isa = PBXBuildFile; fileRef = CC3036BE1D52DF3D009DADBD /* SecondViewController.swift */; };
/* End PBXBuildFile section */

/* Begin PBXFileReference section */
		CC3036A41D52D340009DADBD /* 01-基本控件.app */ = {isa = PBXFileReference; explicitFileType = wrapper.application; includeInIndex = 0; path = "01-基本控件.app"; sourceTree = BUILT_PRODUCTS_DIR; };
		CC3036A71D52D340009DADBD /* AppDelegate.swift */ = {isa = PBXFileReference; lastKnownFileType = sourcecode.swift; path = AppDelegate.swift; sourceTree = "<group>"; };
		CC3036A91D52D340009DADBD /* ViewController.swift */ = {isa = PBXFileReference; lastKnownFileType = sourcecode.swift; path = ViewController.swift; sourceTree = "<group>"; };
		CC3036AE1D52D341009DADBD /* Assets.xcassets */ = {isa = PBXFileReference; lastKnownFileType = folder.assetcatalog; path = Assets.xcassets; sourceTree = "<group>"; };
		CC3036B11D52D341009DADBD /* Base */ = {isa = PBXFileReference; lastKnownFileType = file.storyboard; name = Base; path = Base.lproj/LaunchScreen.storyboard; sourceTree = "<group>"; };
		CC3036B31D52D341009DADBD /* Info.plist */ = {isa = PBXFileReference; lastKnownFileType = text.plist.xml; path = Info.plist; sourceTree = "<group>"; };
		CC3036BA1D52D7D5009DADBD /* Base */ = {isa = PBXFileReference; lastKnownFileType = file.storyboard; name = Base; path = Base.lproj/Main.storyboard; sourceTree = "<group>"; };
		CC3036BC1D52D8EB009DADBD /* FirstViewController.swift */ = {isa = PBXFileReference; fileEncoding = 4; lastKnownFileType = sourcecode.swift; path = FirstViewController.swift; sourceTree = "<group>"; };
		CC3036BE1D52DF3D009DADBD /* SecondViewController.swift */ = {isa = PBXFileReference; fileEncoding = 4; lastKnownFileType = sourcecode.swift; path = SecondViewController.swift; sourceTree = "<group>"; };
/* End PBXFileReference section */

/* Begin PBXFrameworksBuildPhase section */
		CC3036A11D52D340009DADBD /* Frameworks */ = {
			isa = PBXFrameworksBuildPhase;
			buildActionMask = 2147483647;
			files = (
			);
			runOnlyForDeploymentPostprocessing = 0;
		};
/* End PBXFrameworksBuildPhase section */

/* Begin PBXGroup section */
		CC30369B1D52D340009DADBD = {
			isa = PBXGroup;
			children = (
				CC3036A61D52D340009DADBD /* 01-基本控件 */,
				CC3036A51D52D340009DADBD /* Products */,
			);
			sourceTree = "<group>";
		};
		CC3036A51D52D340009DADBD /* Products */ = {
			isa = PBXGroup;
			children = (
				CC3036A41D52D340009DADBD /* 01-基本控件.app */,
			);
			name = Products;
			sourceTree = "<group>";
		};
		CC3036A61D52D340009DADBD /* 01-基本控件 */ = {
			isa = PBXGroup;
			children = (
				CC3036B91D52D7D5009DADBD /* Main.storyboard */,
				CC3036A71D52D340009DADBD /* AppDelegate.swift */,
				CC3036A91D52D340009DADBD /* ViewController.swift */,
				CC3036BC1D52D8EB009DADBD /* FirstViewController.swift */,
				CC3036BE1D52DF3D009DADBD /* SecondViewController.swift */,
				CC3036AE1D52D341009DADBD /* Assets.xcassets */,
				CC3036B01D52D341009DADBD /* LaunchScreen.storyboard */,
				CC3036B31D52D341009DADBD /* Info.plist */,
			);
			path = "01-基本控件";
			sourceTree = "<group>";
		};
/* End PBXGroup section */

/* Begin PBXNativeTarget section */
		CC3036A31D52D340009DADBD /* 01-基本控件 */ = {
			isa = PBXNativeTarget;
			buildConfigurationList = CC3036B61D52D341009DADBD /* Build configuration list for PBXNativeTarget "01-基本控件" */;
			buildPhases = (
				CC3036A01D52D340009DADBD /* Sources */,
				CC3036A11D52D340009DADBD /* Frameworks */,
				CC3036A21D52D340009DADBD /* Resources */,
			);
			buildRules = (
			);
			dependencies = (
			);
			name = "01-基本控件";
			productName = "01-基本控件";
			productReference = CC3036A41D52D340009DADBD /* 01-基本控件.app */;
			productType = "com.apple.product-type.application";
		};
/* End PBXNativeTarget section */

/* Begin PBXProject section */
		CC30369C1D52D340009DADBD /* Project object */ = {
			isa = PBXProject;
			attributes = {
				LastSwiftUpdateCheck = 0730;
				LastUpgradeCheck = 0730;
				ORGANIZATIONNAME = QingYun;
				TargetAttributes = {
					CC3036A31D52D340009DADBD = {
						CreatedOnToolsVersion = 7.3;
					};
				};
			};
			buildConfigurationList = CC30369F1D52D340009DADBD /* Build configuration list for PBXProject "01-基本控件" */;
			compatibilityVersion = "Xcode 3.2";
			developmentRegion = English;
			hasScannedForEncodings = 0;
			knownRegions = (
				en,
				Base,
			);
			mainGroup = CC30369B1D52D340009DADBD;
			productRefGroup = CC3036A51D52D340009DADBD /* Products */;
			projectDirPath = "";
			projectRoot = "";
			targets = (
				CC3036A31D52D340009DADBD /* 01-基本控件 */,
			);
		};
/* End PBXProject section */

/* Begin PBXResourcesBuildPhase section */
		CC3036A21D52D340009DADBD /* Resources */ = {
			isa = PBXResourcesBuildPhase;
			buildActionMask = 2147483647;
			files = (
				CC3036BB1D52D7D5009DADBD /* Main.storyboard in Resources */,
				CC3036B21D52D341009DADBD /* LaunchScreen.storyboard in Resources */,
				CC3036AF1D52D341009DADBD /* Assets.xcassets in Resources */,
			);
			runOnlyForDeploymentPostprocessing = 0;
		};
/* End PBXResourcesBuildPhase section */

/* Begin PBXSourcesBuildPhase section */
		CC3036A01D52D340009DADBD /* Sources */ = {
			isa = PBXSourcesBuildPhase;
			buildActionMask = 2147483647;
			files = (
				CC3036BF1D52DF3D009DADBD /* SecondViewController.swift in Sources */,
				CC3036BD1D52D8EB009DADBD /* FirstViewController.swift in Sources */,
				CC3036AA1D52D340009DADBD /* ViewController.swift in Sources */,
				CC3036A81D52D340009DADBD /* AppDelegate.swift in Sources */,
			);
			runOnlyForDeploymentPostprocessing = 0;
		};
/* End PBXSourcesBuildPhase section */

/* Begin PBXVariantGroup section */
		CC3036B01D52D341009DADBD /* LaunchScreen.storyboard */ = {
			isa = PBXVariantGroup;
			children = (
				CC3036B11D52D341009DADBD /* Base */,
			);
			name = LaunchScreen.storyboard;
			sourceTree = "<group>";
		};
		CC3036B91D52D7D5009DADBD /* Main.storyboard */ = {
			isa = PBXVariantGroup;
			children = (
				CC3036BA1D52D7D5009DADBD /* Base */,
			);
			name = Main.storyboard;
			sourceTree = "<group>";
		};
/* End PBXVariantGroup section */

/* Begin XCBuildConfiguration section */
		CC3036B41D52D341009DADBD /* Debug */ = {
			isa = XCBuildConfiguration;
			buildSettings = {
				ALWAYS_SEARCH_USER_PATHS = NO;
				CLANG_ANALYZER_NONNULL = YES;
				CLANG_CXX_LANGUAGE_STANDARD = "gnu++0x";
				CLANG_CXX_LIBRARY = "libc++";
				CLANG_ENABLE_MODULES = YES;
				CLANG_ENABLE_OBJC_ARC = YES;
				CLANG_WARN_BOOL_CONVERSION = YES;
				CLANG_WARN_CONSTANT_CONVERSION = YES;
				CLANG_WARN_DIRECT_OBJC_ISA_USAGE = YES_ERROR;
				CLANG_WARN_EMPTY_BODY = YES;
				CLANG_WARN_ENUM_CONVERSION = YES;
				CLANG_WARN_INT_CONVERSION = YES;
				CLANG_WARN_OBJC_ROOT_CLASS = YES_ERROR;
				CLANG_WARN_UNREACHABLE_CODE = YES;
				CLANG_WARN__DUPLICATE_METHOD_MATCH = YES;
				"CODE_SIGN_IDENTITY[sdk=iphoneos*]" = "iPhone Developer";
				COPY_PHASE_STRIP = NO;
				DEBUG_INFORMATION_FORMAT = dwarf;
				ENABLE_STRICT_OBJC_MSGSEND = YES;
				ENABLE_TESTABILITY = YES;
				GCC_C_LANGUAGE_STANDARD = gnu99;
				GCC_DYNAMIC_NO_PIC = NO;
				GCC_NO_COMMON_BLOCKS = YES;
				GCC_OPTIMIZATION_LEVEL = 0;
				GCC_PREPROCESSOR_DEFINITIONS = (
					"DEBUG=1",
					"$(inherited)",
				);
				GCC_WARN_64_TO_32_BIT_CONVERSION = YES;
				GCC_WARN_ABOUT_RETURN_TYPE = YES_ERROR;
				GCC_WARN_UNDECLARED_SELECTOR = YES;
				GCC_WARN_UNINITIALIZED_AUTOS = YES_AGGRESSIVE;
				GCC_WARN_UNUSED_FUNCTION = YES;
				GCC_WARN_UNUSED_VARIABLE = YES;
				IPHONEOS_DEPLOYMENT_TARGET = 9.3;
				MTL_ENABLE_DEBUG_INFO = YES;
				ONLY_ACTIVE_ARCH = YES;
				SDKROOT = iphoneos;
				SWIFT_OPTIMIZATION_LEVEL = "-Onone";
			};
			name = Debug;
		};
		CC3036B51D52D341009DADBD /* Release */ = {
			isa = XCBuildConfiguration;
			buildSettings = {
				ALWAYS_SEARCH_USER_PATHS = NO;
				CLANG_ANALYZER_NONNULL = YES;
				CLANG_CXX_LANGUAGE_STANDARD = "gnu++0x";
				CLANG_CXX_LIBRARY = "libc++";
				CLANG_ENABLE_MODULES = YES;
				CLANG_ENABLE_OBJC_ARC = YES;
				CLANG_WARN_BOOL_CONVERSION = YES;
				CLANG_WARN_CONSTANT_CONVERSION = YES;
				CLANG_WARN_DIRECT_OBJC_ISA_USAGE = YES_ERROR;
				CLANG_WARN_EMPTY_BODY = YES;
				CLANG_WARN_ENUM_CONVERSION = YES;
				CLANG_WARN_INT_CONVERSION = YES;
				CLANG_WARN_OBJC_ROOT_CLASS = YES_ERROR;
				CLANG_WARN_UNREACHABLE_CODE = YES;
				CLANG_WARN__DUPLICATE_METHOD_MATCH = YES;
				"CODE_SIGN_IDENTITY[sdk=iphoneos*]" = "iPhone Developer";
				COPY_PHASE_STRIP = NO;
				DEBUG_INFORMATION_FORMAT = "dwarf-with-dsym";
				ENABLE_NS_ASSERTIONS = NO;
				ENABLE_STRICT_OBJC_MSGSEND = YES;
				GCC_C_LANGUAGE_STANDARD = gnu99;
				GCC_NO_COMMON_BLOCKS = YES;
				GCC_WARN_64_TO_32_BIT_CONVERSION = YES;
				GCC_WARN_ABOUT_RETURN_TYPE = YES_ERROR;
				GCC_WARN_UNDECLARED_SELECTOR = YES;
				GCC_WARN_UNINITIALIZED_AUTOS = YES_AGGRESSIVE;
				GCC_WARN_UNUSED_FUNCTION = YES;
				GCC_WARN_UNUSED_VARIABLE = YES;
				IPHONEOS_DEPLOYMENT_TARGET = 9.3;
				MTL_ENABLE_DEBUG_INFO = NO;
				SDKROOT = iphoneos;
				VALIDATE_PRODUCT = YES;
			};
			name = Release;
		};
		CC3036B71D52D341009DADBD /* Debug */ = {
			isa = XCBuildConfiguration;
			buildSettings = {
				ASSETCATALOG_COMPILER_APPICON_NAME = AppIcon;
				INFOPLIST_FILE = "01-基本控件/Info.plist";
				LD_RUNPATH_SEARCH_PATHS = "$(inherited) @executable_path/Frameworks";
				PRODUCT_BUNDLE_IDENTIFIER = "com.Qingyun.-1-----";
				PRODUCT_NAME = "$(TARGET_NAME)";
			};
			name = Debug;
		};
		CC3036B81D52D341009DADBD /* Release */ = {
			isa = XCBuildConfiguration;
			buildSettings = {
				ASSETCATALOG_COMPILER_APPICON_NAME = AppIcon;
				INFOPLIST_FILE = "01-基本控件/Info.plist";
				LD_RUNPATH_SEARCH_PATHS = "$(inherited) @executable_path/Frameworks";
				PRODUCT_BUNDLE_IDENTIFIER = "com.Qingyun.-1-----";
				PRODUCT_NAME = "$(TARGET_NAME)";
			};
			name = Release;
		};
/* End XCBuildConfiguration section */

/* Begin XCConfigurationList section */
		CC30369F1D52D340009DADBD /* Build configuration list for PBXProject "01-基本控件" */ = {
			isa = XCConfigurationList;
			buildConfigurations = (
				CC3036B41D52D341009DADBD /* Debug */,
				CC3036B51D52D341009DADBD /* Release */,
			);
			defaultConfigurationIsVisible = 0;
			defaultConfigurationName = Release;
		};
		CC3036B61D52D341009DADBD /* Build configuration list for PBXNativeTarget "01-基本控件" */ = {
			isa = XCConfigurationList;
			buildConfigurations = (
				CC3036B71D52D341009DADBD /* Debug */,
				CC3036B81D52D341009DADBD /* Release */,
			);
			defaultConfigurationIsVisible = 0;
		};
/* End XCConfigurationList section */
	};
	rootObject = CC30369C1D52D340009DADBD /* Project object */;
}
