// !$*UTF8*$!
{
	archiveVersion = 1;
	classes = {
	};
	objectVersion = 46;
	objects = {

/* Begin PBXBuildFile section */
		CC0194B11D532EDB00BA70C4 /* AppDelegate.swift in Sources */ = {isa = PBXBuildFile; fileRef = CC0194B01D532EDB00BA70C4 /* AppDelegate.swift */; };
		CC0194B31D532EDB00BA70C4 /* ViewController.swift in Sources */ = {isa = PBXBuildFile; fileRef = CC0194B21D532EDB00BA70C4 /* ViewController.swift */; };
		CC0194B61D532EDB00BA70C4 /* Main.storyboard in Resources */ = {isa = PBXBuildFile; fileRef = CC0194B41D532EDB00BA70C4 /* Main.storyboard */; };
		CC0194B81D532EDB00BA70C4 /* Assets.xcassets in Resources */ = {isa = PBXBuildFile; fileRef = CC0194B71D532EDB00BA70C4 /* Assets.xcassets */; };
		CC0194BB1D532EDB00BA70C4 /* LaunchScreen.storyboard in Resources */ = {isa = PBXBuildFile; fileRef = CC0194B91D532EDB00BA70C4 /* LaunchScreen.storyboard */; };
		CC0194C31D532F5000BA70C4 /* CustomCell1.swift in Sources */ = {isa = PBXBuildFile; fileRef = CC0194C21D532F5000BA70C4 /* CustomCell1.swift */; };
		CC0194C51D532F5E00BA70C4 /* CustomCell2.swift in Sources */ = {isa = PBXBuildFile; fileRef = CC0194C41D532F5E00BA70C4 /* CustomCell2.swift */; };
/* End PBXBuildFile section */

/* Begin PBXFileReference section */
		CC0194AD1D532EDB00BA70C4 /* 06-storyboard中的tableView.app */ = {isa = PBXFileReference; explicitFileType = wrapper.application; includeInIndex = 0; path = "06-storyboard中的tableView.app"; sourceTree = BUILT_PRODUCTS_DIR; };
		CC0194B01D532EDB00BA70C4 /* AppDelegate.swift */ = {isa = PBXFileReference; lastKnownFileType = sourcecode.swift; path = AppDelegate.swift; sourceTree = "<group>"; };
		CC0194B21D532EDB00BA70C4 /* ViewController.swift */ = {isa = PBXFileReference; lastKnownFileType = sourcecode.swift; path = ViewController.swift; sourceTree = "<group>"; };
		CC0194B51D532EDB00BA70C4 /* Base */ = {isa = PBXFileReference; lastKnownFileType = file.storyboard; name = Base; path = Base.lproj/Main.storyboard; sourceTree = "<group>"; };
		CC0194B71D532EDB00BA70C4 /* Assets.xcassets */ = {isa = PBXFileReference; lastKnownFileType = folder.assetcatalog; path = Assets.xcassets; sourceTree = "<group>"; };
		CC0194BA1D532EDB00BA70C4 /* Base */ = {isa = PBXFileReference; lastKnownFileType = file.storyboard; name = Base; path = Base.lproj/LaunchScreen.storyboard; sourceTree = "<group>"; };
		CC0194BC1D532EDB00BA70C4 /* Info.plist */ = {isa = PBXFileReference; lastKnownFileType = text.plist.xml; path = Info.plist; sourceTree = "<group>"; };
		CC0194C21D532F5000BA70C4 /* CustomCell1.swift */ = {isa = PBXFileReference; fileEncoding = 4; lastKnownFileType = sourcecode.swift; path = CustomCell1.swift; sourceTree = "<group>"; };
		CC0194C41D532F5E00BA70C4 /* CustomCell2.swift */ = {isa = PBXFileReference; fileEncoding = 4; lastKnownFileType = sourcecode.swift; path = CustomCell2.swift; sourceTree = "<group>"; };
/* End PBXFileReference section */

/* Begin PBXFrameworksBuildPhase section */
		CC0194AA1D532EDB00BA70C4 /* Frameworks */ = {
			isa = PBXFrameworksBuildPhase;
			buildActionMask = 2147483647;
			files = (
			);
			runOnlyForDeploymentPostprocessing = 0;
		};
/* End PBXFrameworksBuildPhase section */

/* Begin PBXGroup section */
		CC0194A41D532EDB00BA70C4 = {
			isa = PBXGroup;
			children = (
				CC0194AF1D532EDB00BA70C4 /* 06-storyboard中的tableView */,
				CC0194AE1D532EDB00BA70C4 /* Products */,
			);
			sourceTree = "<group>";
		};
		CC0194AE1D532EDB00BA70C4 /* Products */ = {
			isa = PBXGroup;
			children = (
				CC0194AD1D532EDB00BA70C4 /* 06-storyboard中的tableView.app */,
			);
			name = Products;
			sourceTree = "<group>";
		};
		CC0194AF1D532EDB00BA70C4 /* 06-storyboard中的tableView */ = {
			isa = PBXGroup;
			children = (
				CC0194B01D532EDB00BA70C4 /* AppDelegate.swift */,
				CC0194B21D532EDB00BA70C4 /* ViewController.swift */,
				CC0194C21D532F5000BA70C4 /* CustomCell1.swift */,
				CC0194C41D532F5E00BA70C4 /* CustomCell2.swift */,
				CC0194B41D532EDB00BA70C4 /* Main.storyboard */,
				CC0194B71D532EDB00BA70C4 /* Assets.xcassets */,
				CC0194B91D532EDB00BA70C4 /* LaunchScreen.storyboard */,
				CC0194BC1D532EDB00BA70C4 /* Info.plist */,
			);
			path = "06-storyboard中的tableView";
			sourceTree = "<group>";
		};
/* End PBXGroup section */

/* Begin PBXNativeTarget section */
		CC0194AC1D532EDB00BA70C4 /* 06-storyboard中的tableView */ = {
			isa = PBXNativeTarget;
			buildConfigurationList = CC0194BF1D532EDB00BA70C4 /* Build configuration list for PBXNativeTarget "06-storyboard中的tableView" */;
			buildPhases = (
				CC0194A91D532EDB00BA70C4 /* Sources */,
				CC0194AA1D532EDB00BA70C4 /* Frameworks */,
				CC0194AB1D532EDB00BA70C4 /* Resources */,
			);
			buildRules = (
			);
			dependencies = (
			);
			name = "06-storyboard中的tableView";
			productName = "06-storyboard中的tableView";
			productReference = CC0194AD1D532EDB00BA70C4 /* 06-storyboard中的tableView.app */;
			productType = "com.apple.product-type.application";
		};
/* End PBXNativeTarget section */

/* Begin PBXProject section */
		CC0194A51D532EDB00BA70C4 /* Project object */ = {
			isa = PBXProject;
			attributes = {
				LastSwiftUpdateCheck = 0730;
				LastUpgradeCheck = 0730;
				ORGANIZATIONNAME = QingYun;
				TargetAttributes = {
					CC0194AC1D532EDB00BA70C4 = {
						CreatedOnToolsVersion = 7.3;
					};
				};
			};
			buildConfigurationList = CC0194A81D532EDB00BA70C4 /* Build configuration list for PBXProject "06-storyboard中的tableView" */;
			compatibilityVersion = "Xcode 3.2";
			developmentRegion = English;
			hasScannedForEncodings = 0;
			knownRegions = (
				en,
				Base,
			);
			mainGroup = CC0194A41D532EDB00BA70C4;
			productRefGroup = CC0194AE1D532EDB00BA70C4 /* Products */;
			projectDirPath = "";
			projectRoot = "";
			targets = (
				CC0194AC1D532EDB00BA70C4 /* 06-storyboard中的tableView */,
			);
		};
/* End PBXProject section */

/* Begin PBXResourcesBuildPhase section */
		CC0194AB1D532EDB00BA70C4 /* Resources */ = {
			isa = PBXResourcesBuildPhase;
			buildActionMask = 2147483647;
			files = (
				CC0194BB1D532EDB00BA70C4 /* LaunchScreen.storyboard in Resources */,
				CC0194B81D532EDB00BA70C4 /* Assets.xcassets in Resources */,
				CC0194B61D532EDB00BA70C4 /* Main.storyboard in Resources */,
			);
			runOnlyForDeploymentPostprocessing = 0;
		};
/* End PBXResourcesBuildPhase section */

/* Begin PBXSourcesBuildPhase section */
		CC0194A91D532EDB00BA70C4 /* Sources */ = {
			isa = PBXSourcesBuildPhase;
			buildActionMask = 2147483647;
			files = (
				CC0194C31D532F5000BA70C4 /* CustomCell1.swift in Sources */,
				CC0194C51D532F5E00BA70C4 /* CustomCell2.swift in Sources */,
				CC0194B31D532EDB00BA70C4 /* ViewController.swift in Sources */,
				CC0194B11D532EDB00BA70C4 /* AppDelegate.swift in Sources */,
			);
			runOnlyForDeploymentPostprocessing = 0;
		};
/* End PBXSourcesBuildPhase section */

/* Begin PBXVariantGroup section */
		CC0194B41D532EDB00BA70C4 /* Main.storyboard */ = {
			isa = PBXVariantGroup;
			children = (
				CC0194B51D532EDB00BA70C4 /* Base */,
			);
			name = Main.storyboard;
			sourceTree = "<group>";
		};
		CC0194B91D532EDB00BA70C4 /* LaunchScreen.storyboard */ = {
			isa = PBXVariantGroup;
			children = (
				CC0194BA1D532EDB00BA70C4 /* Base */,
			);
			name = LaunchScreen.storyboard;
			sourceTree = "<group>";
		};
/* End PBXVariantGroup section */

/* Begin XCBuildConfiguration section */
		CC0194BD1D532EDB00BA70C4 /* Debug */ = {
			isa = XCBuildConfiguration;
			buildSettings = {
				ALWAYS_SEARCH_USER_PATHS = NO;
				CLANG_ANALYZER_NONNULL = YES;
				CLANG_CXX_LANGUAGE_STANDARD = "gnu++0x";
				CLANG_CXX_LIBRARY = "libc++";
				CLANG_ENABLE_MODULES = YES;
				CLANG_ENABLE_OBJC_ARC = YES;
				CLANG_WARN_BOOL_CONVERSION = YES;
				CLANG_WARN_CONSTANT_CONVERSION = YES;
				CLANG_WARN_DIRECT_OBJC_ISA_USAGE = YES_ERROR;
				CLANG_WARN_EMPTY_BODY = YES;
				CLANG_WARN_ENUM_CONVERSION = YES;
				CLANG_WARN_INT_CONVERSION = YES;
				CLANG_WARN_OBJC_ROOT_CLASS = YES_ERROR;
				CLANG_WARN_UNREACHABLE_CODE = YES;
				CLANG_WARN__DUPLICATE_METHOD_MATCH = YES;
				"CODE_SIGN_IDENTITY[sdk=iphoneos*]" = "iPhone Developer";
				COPY_PHASE_STRIP = NO;
				DEBUG_INFORMATION_FORMAT = dwarf;
				ENABLE_STRICT_OBJC_MSGSEND = YES;
				ENABLE_TESTABILITY = YES;
				GCC_C_LANGUAGE_STANDARD = gnu99;
				GCC_DYNAMIC_NO_PIC = NO;
				GCC_NO_COMMON_BLOCKS = YES;
				GCC_OPTIMIZATION_LEVEL = 0;
				GCC_PREPROCESSOR_DEFINITIONS = (
					"DEBUG=1",
					"$(inherited)",
				);
				GCC_WARN_64_TO_32_BIT_CONVERSION = YES;
				GCC_WARN_ABOUT_RETURN_TYPE = YES_ERROR;
				GCC_WARN_UNDECLARED_SELECTOR = YES;
				GCC_WARN_UNINITIALIZED_AUTOS = YES_AGGRESSIVE;
				GCC_WARN_UNUSED_FUNCTION = YES;
				GCC_WARN_UNUSED_VARIABLE = YES;
				IPHONEOS_DEPLOYMENT_TARGET = 9.3;
				MTL_ENABLE_DEBUG_INFO = YES;
				ONLY_ACTIVE_ARCH = YES;
				SDKROOT = iphoneos;
				SWIFT_OPTIMIZATION_LEVEL = "-Onone";
			};
			name = Debug;
		};
		CC0194BE1D532EDB00BA70C4 /* Release */ = {
			isa = XCBuildConfiguration;
			buildSettings = {
				ALWAYS_SEARCH_USER_PATHS = NO;
				CLANG_ANALYZER_NONNULL = YES;
				CLANG_CXX_LANGUAGE_STANDARD = "gnu++0x";
				CLANG_CXX_LIBRARY = "libc++";
				CLANG_ENABLE_MODULES = YES;
				CLANG_ENABLE_OBJC_ARC = YES;
				CLANG_WARN_BOOL_CONVERSION = YES;
				CLANG_WARN_CONSTANT_CONVERSION = YES;
				CLANG_WARN_DIRECT_OBJC_ISA_USAGE = YES_ERROR;
				CLANG_WARN_EMPTY_BODY = YES;
				CLANG_WARN_ENUM_CONVERSION = YES;
				CLANG_WARN_INT_CONVERSION = YES;
				CLANG_WARN_OBJC_ROOT_CLASS = YES_ERROR;
				CLANG_WARN_UNREACHABLE_CODE = YES;
				CLANG_WARN__DUPLICATE_METHOD_MATCH = YES;
				"CODE_SIGN_IDENTITY[sdk=iphoneos*]" = "iPhone Developer";
				COPY_PHASE_STRIP = NO;
				DEBUG_INFORMATION_FORMAT = "dwarf-with-dsym";
				ENABLE_NS_ASSERTIONS = NO;
				ENABLE_STRICT_OBJC_MSGSEND = YES;
				GCC_C_LANGUAGE_STANDARD = gnu99;
				GCC_NO_COMMON_BLOCKS = YES;
				GCC_WARN_64_TO_32_BIT_CONVERSION = YES;
				GCC_WARN_ABOUT_RETURN_TYPE = YES_ERROR;
				GCC_WARN_UNDECLARED_SELECTOR = YES;
				GCC_WARN_UNINITIALIZED_AUTOS = YES_AGGRESSIVE;
				GCC_WARN_UNUSED_FUNCTION = YES;
				GCC_WARN_UNUSED_VARIABLE = YES;
				IPHONEOS_DEPLOYMENT_TARGET = 9.3;
				MTL_ENABLE_DEBUG_INFO = NO;
				SDKROOT = iphoneos;
				VALIDATE_PRODUCT = YES;
			};
			name = Release;
		};
		CC0194C01D532EDB00BA70C4 /* Debug */ = {
			isa = XCBuildConfiguration;
			buildSettings = {
				ASSETCATALOG_COMPILER_APPICON_NAME = AppIcon;
				INFOPLIST_FILE = "06-storyboard中的tableView/Info.plist";
				LD_RUNPATH_SEARCH_PATHS = "$(inherited) @executable_path/Frameworks";
				PRODUCT_BUNDLE_IDENTIFIER = "com.Qingyun.-6-storyboard--tableView";
				PRODUCT_NAME = "$(TARGET_NAME)";
			};
			name = Debug;
		};
		CC0194C11D532EDB00BA70C4 /* Release */ = {
			isa = XCBuildConfiguration;
			buildSettings = {
				ASSETCATALOG_COMPILER_APPICON_NAME = AppIcon;
				INFOPLIST_FILE = "06-storyboard中的tableView/Info.plist";
				LD_RUNPATH_SEARCH_PATHS = "$(inherited) @executable_path/Frameworks";
				PRODUCT_BUNDLE_IDENTIFIER = "com.Qingyun.-6-storyboard--tableView";
				PRODUCT_NAME = "$(TARGET_NAME)";
			};
			name = Release;
		};
/* End XCBuildConfiguration section */

/* Begin XCConfigurationList section */
		CC0194A81D532EDB00BA70C4 /* Build configuration list for PBXProject "06-storyboard中的tableView" */ = {
			isa = XCConfigurationList;
			buildConfigurations = (
				CC0194BD1D532EDB00BA70C4 /* Debug */,
				CC0194BE1D532EDB00BA70C4 /* Release */,
			);
			defaultConfigurationIsVisible = 0;
			defaultConfigurationName = Release;
		};
		CC0194BF1D532EDB00BA70C4 /* Build configuration list for PBXNativeTarget "06-storyboard中的tableView" */ = {
			isa = XCConfigurationList;
			buildConfigurations = (
				CC0194C01D532EDB00BA70C4 /* Debug */,
				CC0194C11D532EDB00BA70C4 /* Release */,
			);
			defaultConfigurationIsVisible = 0;
		};
/* End XCConfigurationList section */
	};
	rootObject = CC0194A51D532EDB00BA70C4 /* Project object */;
}
