// !$*UTF8*$!
{
	archiveVersion = 1;
	classes = {
	};
	objectVersion = 46;
	objects = {

/* Begin PBXBuildFile section */
		CC0194F51D53368700BA70C4 /* AppDelegate.swift in Sources */ = {isa = PBXBuildFile; fileRef = CC0194F41D53368700BA70C4 /* AppDelegate.swift */; };
		CC0194F71D53368700BA70C4 /* ViewController.swift in Sources */ = {isa = PBXBuildFile; fileRef = CC0194F61D53368700BA70C4 /* ViewController.swift */; };
		CC0194FA1D53368700BA70C4 /* Main.storyboard in Resources */ = {isa = PBXBuildFile; fileRef = CC0194F81D53368700BA70C4 /* Main.storyboard */; };
		CC0194FC1D53368700BA70C4 /* Assets.xcassets in Resources */ = {isa = PBXBuildFile; fileRef = CC0194FB1D53368700BA70C4 /* Assets.xcassets */; };
		CC0194FF1D53368700BA70C4 /* LaunchScreen.storyboard in Resources */ = {isa = PBXBuildFile; fileRef = CC0194FD1D53368700BA70C4 /* LaunchScreen.storyboard */; };
		CC0195081D5336A400BA70C4 /* CustomCell.swift in Sources */ = {isa = PBXBuildFile; fileRef = CC0195061D5336A400BA70C4 /* CustomCell.swift */; };
		CC0195091D5336A400BA70C4 /* CustomCell.xib in Resources */ = {isa = PBXBuildFile; fileRef = CC0195071D5336A400BA70C4 /* CustomCell.xib */; };
		CC0195131D5338C200BA70C4 /* CustomCell.plist in Resources */ = {isa = PBXBuildFile; fileRef = CC01950B1D5338C200BA70C4 /* CustomCell.plist */; };
		CC0195141D5338C200BA70C4 /* icon0.jpg in Resources */ = {isa = PBXBuildFile; fileRef = CC01950D1D5338C200BA70C4 /* icon0.jpg */; };
		CC0195151D5338C200BA70C4 /* icon1.jpg in Resources */ = {isa = PBXBuildFile; fileRef = CC01950E1D5338C200BA70C4 /* icon1.jpg */; };
		CC0195161D5338C200BA70C4 /* icon2.jpg in Resources */ = {isa = PBXBuildFile; fileRef = CC01950F1D5338C200BA70C4 /* icon2.jpg */; };
		CC0195171D5338C200BA70C4 /* icon3.jpg in Resources */ = {isa = PBXBuildFile; fileRef = CC0195101D5338C200BA70C4 /* icon3.jpg */; };
		CC0195181D5338C200BA70C4 /* icon4.jpg in Resources */ = {isa = PBXBuildFile; fileRef = CC0195111D5338C200BA70C4 /* icon4.jpg */; };
		CC0195191D5338C200BA70C4 /* icon5.jpg in Resources */ = {isa = PBXBuildFile; fileRef = CC0195121D5338C200BA70C4 /* icon5.jpg */; };
		CC01951B1D5338FA00BA70C4 /* Person.swift in Sources */ = {isa = PBXBuildFile; fileRef = CC01951A1D5338FA00BA70C4 /* Person.swift */; };
/* End PBXBuildFile section */

/* Begin PBXFileReference section */
		CC0194F11D53368700BA70C4 /* 08-xib自定义cell.app */ = {isa = PBXFileReference; explicitFileType = wrapper.application; includeInIndex = 0; path = "08-xib自定义cell.app"; sourceTree = BUILT_PRODUCTS_DIR; };
		CC0194F41D53368700BA70C4 /* AppDelegate.swift */ = {isa = PBXFileReference; lastKnownFileType = sourcecode.swift; path = AppDelegate.swift; sourceTree = "<group>"; };
		CC0194F61D53368700BA70C4 /* ViewController.swift */ = {isa = PBXFileReference; lastKnownFileType = sourcecode.swift; path = ViewController.swift; sourceTree = "<group>"; };
		CC0194F91D53368700BA70C4 /* Base */ = {isa = PBXFileReference; lastKnownFileType = file.storyboard; name = Base; path = Base.lproj/Main.storyboard; sourceTree = "<group>"; };
		CC0194FB1D53368700BA70C4 /* Assets.xcassets */ = {isa = PBXFileReference; lastKnownFileType = folder.assetcatalog; path = Assets.xcassets; sourceTree = "<group>"; };
		CC0194FE1D53368700BA70C4 /* Base */ = {isa = PBXFileReference; lastKnownFileType = file.storyboard; name = Base; path = Base.lproj/LaunchScreen.storyboard; sourceTree = "<group>"; };
		CC0195001D53368700BA70C4 /* Info.plist */ = {isa = PBXFileReference; lastKnownFileType = text.plist.xml; path = Info.plist; sourceTree = "<group>"; };
		CC0195061D5336A400BA70C4 /* CustomCell.swift */ = {isa = PBXFileReference; fileEncoding = 4; lastKnownFileType = sourcecode.swift; path = CustomCell.swift; sourceTree = "<group>"; };
		CC0195071D5336A400BA70C4 /* CustomCell.xib */ = {isa = PBXFileReference; fileEncoding = 4; lastKnownFileType = file.xib; path = CustomCell.xib; sourceTree = "<group>"; };
		CC01950B1D5338C200BA70C4 /* CustomCell.plist */ = {isa = PBXFileReference; fileEncoding = 4; lastKnownFileType = text.plist.xml; path = CustomCell.plist; sourceTree = "<group>"; };
		CC01950D1D5338C200BA70C4 /* icon0.jpg */ = {isa = PBXFileReference; lastKnownFileType = image.jpeg; path = icon0.jpg; sourceTree = "<group>"; };
		CC01950E1D5338C200BA70C4 /* icon1.jpg */ = {isa = PBXFileReference; lastKnownFileType = image.jpeg; path = icon1.jpg; sourceTree = "<group>"; };
		CC01950F1D5338C200BA70C4 /* icon2.jpg */ = {isa = PBXFileReference; lastKnownFileType = image.jpeg; path = icon2.jpg; sourceTree = "<group>"; };
		CC0195101D5338C200BA70C4 /* icon3.jpg */ = {isa = PBXFileReference; lastKnownFileType = image.jpeg; path = icon3.jpg; sourceTree = "<group>"; };
		CC0195111D5338C200BA70C4 /* icon4.jpg */ = {isa = PBXFileReference; lastKnownFileType = image.jpeg; path = icon4.jpg; sourceTree = "<group>"; };
		CC0195121D5338C200BA70C4 /* icon5.jpg */ = {isa = PBXFileReference; lastKnownFileType = image.jpeg; path = icon5.jpg; sourceTree = "<group>"; };
		CC01951A1D5338FA00BA70C4 /* Person.swift */ = {isa = PBXFileReference; fileEncoding = 4; lastKnownFileType = sourcecode.swift; path = Person.swift; sourceTree = "<group>"; };
/* End PBXFileReference section */

/* Begin PBXFrameworksBuildPhase section */
		CC0194EE1D53368700BA70C4 /* Frameworks */ = {
			isa = PBXFrameworksBuildPhase;
			buildActionMask = 2147483647;
			files = (
			);
			runOnlyForDeploymentPostprocessing = 0;
		};
/* End PBXFrameworksBuildPhase section */

/* Begin PBXGroup section */
		CC0194E81D53368700BA70C4 = {
			isa = PBXGroup;
			children = (
				CC0194F31D53368700BA70C4 /* 08-xib自定义cell */,
				CC0194F21D53368700BA70C4 /* Products */,
			);
			sourceTree = "<group>";
		};
		CC0194F21D53368700BA70C4 /* Products */ = {
			isa = PBXGroup;
			children = (
				CC0194F11D53368700BA70C4 /* 08-xib自定义cell.app */,
			);
			name = Products;
			sourceTree = "<group>";
		};
		CC0194F31D53368700BA70C4 /* 08-xib自定义cell */ = {
			isa = PBXGroup;
			children = (
				CC01950A1D5338C200BA70C4 /* 素材 */,
				CC0194F41D53368700BA70C4 /* AppDelegate.swift */,
				CC0194F61D53368700BA70C4 /* ViewController.swift */,
				CC01951A1D5338FA00BA70C4 /* Person.swift */,
				CC0195061D5336A400BA70C4 /* CustomCell.swift */,
				CC0195071D5336A400BA70C4 /* CustomCell.xib */,
				CC0194F81D53368700BA70C4 /* Main.storyboard */,
				CC0194FB1D53368700BA70C4 /* Assets.xcassets */,
				CC0194FD1D53368700BA70C4 /* LaunchScreen.storyboard */,
				CC0195001D53368700BA70C4 /* Info.plist */,
			);
			path = "08-xib自定义cell";
			sourceTree = "<group>";
		};
		CC01950A1D5338C200BA70C4 /* 素材 */ = {
			isa = PBXGroup;
			children = (
				CC01950B1D5338C200BA70C4 /* CustomCell.plist */,
				CC01950C1D5338C200BA70C4 /* icons */,
			);
			path = "素材";
			sourceTree = "<group>";
		};
		CC01950C1D5338C200BA70C4 /* icons */ = {
			isa = PBXGroup;
			children = (
				CC01950D1D5338C200BA70C4 /* icon0.jpg */,
				CC01950E1D5338C200BA70C4 /* icon1.jpg */,
				CC01950F1D5338C200BA70C4 /* icon2.jpg */,
				CC0195101D5338C200BA70C4 /* icon3.jpg */,
				CC0195111D5338C200BA70C4 /* icon4.jpg */,
				CC0195121D5338C200BA70C4 /* icon5.jpg */,
			);
			path = icons;
			sourceTree = "<group>";
		};
/* End PBXGroup section */

/* Begin PBXNativeTarget section */
		CC0194F01D53368700BA70C4 /* 08-xib自定义cell */ = {
			isa = PBXNativeTarget;
			buildConfigurationList = CC0195031D53368700BA70C4 /* Build configuration list for PBXNativeTarget "08-xib自定义cell" */;
			buildPhases = (
				CC0194ED1D53368700BA70C4 /* Sources */,
				CC0194EE1D53368700BA70C4 /* Frameworks */,
				CC0194EF1D53368700BA70C4 /* Resources */,
			);
			buildRules = (
			);
			dependencies = (
			);
			name = "08-xib自定义cell";
			productName = "08-xib自定义cell";
			productReference = CC0194F11D53368700BA70C4 /* 08-xib自定义cell.app */;
			productType = "com.apple.product-type.application";
		};
/* End PBXNativeTarget section */

/* Begin PBXProject section */
		CC0194E91D53368700BA70C4 /* Project object */ = {
			isa = PBXProject;
			attributes = {
				LastSwiftUpdateCheck = 0730;
				LastUpgradeCheck = 0730;
				ORGANIZATIONNAME = QingYun;
				TargetAttributes = {
					CC0194F01D53368700BA70C4 = {
						CreatedOnToolsVersion = 7.3;
					};
				};
			};
			buildConfigurationList = CC0194EC1D53368700BA70C4 /* Build configuration list for PBXProject "08-xib自定义cell" */;
			compatibilityVersion = "Xcode 3.2";
			developmentRegion = English;
			hasScannedForEncodings = 0;
			knownRegions = (
				en,
				Base,
			);
			mainGroup = CC0194E81D53368700BA70C4;
			productRefGroup = CC0194F21D53368700BA70C4 /* Products */;
			projectDirPath = "";
			projectRoot = "";
			targets = (
				CC0194F01D53368700BA70C4 /* 08-xib自定义cell */,
			);
		};
/* End PBXProject section */

/* Begin PBXResourcesBuildPhase section */
		CC0194EF1D53368700BA70C4 /* Resources */ = {
			isa = PBXResourcesBuildPhase;
			buildActionMask = 2147483647;
			files = (
				CC0194FF1D53368700BA70C4 /* LaunchScreen.storyboard in Resources */,
				CC0195151D5338C200BA70C4 /* icon1.jpg in Resources */,
				CC0194FC1D53368700BA70C4 /* Assets.xcassets in Resources */,
				CC0195161D5338C200BA70C4 /* icon2.jpg in Resources */,
				CC0195191D5338C200BA70C4 /* icon5.jpg in Resources */,
				CC0195091D5336A400BA70C4 /* CustomCell.xib in Resources */,
				CC0195131D5338C200BA70C4 /* CustomCell.plist in Resources */,
				CC0194FA1D53368700BA70C4 /* Main.storyboard in Resources */,
				CC0195181D5338C200BA70C4 /* icon4.jpg in Resources */,
				CC0195141D5338C200BA70C4 /* icon0.jpg in Resources */,
				CC0195171D5338C200BA70C4 /* icon3.jpg in Resources */,
			);
			runOnlyForDeploymentPostprocessing = 0;
		};
/* End PBXResourcesBuildPhase section */

/* Begin PBXSourcesBuildPhase section */
		CC0194ED1D53368700BA70C4 /* Sources */ = {
			isa = PBXSourcesBuildPhase;
			buildActionMask = 2147483647;
			files = (
				CC0194F71D53368700BA70C4 /* ViewController.swift in Sources */,
				CC0195081D5336A400BA70C4 /* CustomCell.swift in Sources */,
				CC01951B1D5338FA00BA70C4 /* Person.swift in Sources */,
				CC0194F51D53368700BA70C4 /* AppDelegate.swift in Sources */,
			);
			runOnlyForDeploymentPostprocessing = 0;
		};
/* End PBXSourcesBuildPhase section */

/* Begin PBXVariantGroup section */
		CC0194F81D53368700BA70C4 /* Main.storyboard */ = {
			isa = PBXVariantGroup;
			children = (
				CC0194F91D53368700BA70C4 /* Base */,
			);
			name = Main.storyboard;
			sourceTree = "<group>";
		};
		CC0194FD1D53368700BA70C4 /* LaunchScreen.storyboard */ = {
			isa = PBXVariantGroup;
			children = (
				CC0194FE1D53368700BA70C4 /* Base */,
			);
			name = LaunchScreen.storyboard;
			sourceTree = "<group>";
		};
/* End PBXVariantGroup section */

/* Begin XCBuildConfiguration section */
		CC0195011D53368700BA70C4 /* Debug */ = {
			isa = XCBuildConfiguration;
			buildSettings = {
				ALWAYS_SEARCH_USER_PATHS = NO;
				CLANG_ANALYZER_NONNULL = YES;
				CLANG_CXX_LANGUAGE_STANDARD = "gnu++0x";
				CLANG_CXX_LIBRARY = "libc++";
				CLANG_ENABLE_MODULES = YES;
				CLANG_ENABLE_OBJC_ARC = YES;
				CLANG_WARN_BOOL_CONVERSION = YES;
				CLANG_WARN_CONSTANT_CONVERSION = YES;
				CLANG_WARN_DIRECT_OBJC_ISA_USAGE = YES_ERROR;
				CLANG_WARN_EMPTY_BODY = YES;
				CLANG_WARN_ENUM_CONVERSION = YES;
				CLANG_WARN_INT_CONVERSION = YES;
				CLANG_WARN_OBJC_ROOT_CLASS = YES_ERROR;
				CLANG_WARN_UNREACHABLE_CODE = YES;
				CLANG_WARN__DUPLICATE_METHOD_MATCH = YES;
				"CODE_SIGN_IDENTITY[sdk=iphoneos*]" = "iPhone Developer";
				COPY_PHASE_STRIP = NO;
				DEBUG_INFORMATION_FORMAT = dwarf;
				ENABLE_STRICT_OBJC_MSGSEND = YES;
				ENABLE_TESTABILITY = YES;
				GCC_C_LANGUAGE_STANDARD = gnu99;
				GCC_DYNAMIC_NO_PIC = NO;
				GCC_NO_COMMON_BLOCKS = YES;
				GCC_OPTIMIZATION_LEVEL = 0;
				GCC_PREPROCESSOR_DEFINITIONS = (
					"DEBUG=1",
					"$(inherited)",
				);
				GCC_WARN_64_TO_32_BIT_CONVERSION = YES;
				GCC_WARN_ABOUT_RETURN_TYPE = YES_ERROR;
				GCC_WARN_UNDECLARED_SELECTOR = YES;
				GCC_WARN_UNINITIALIZED_AUTOS = YES_AGGRESSIVE;
				GCC_WARN_UNUSED_FUNCTION = YES;
				GCC_WARN_UNUSED_VARIABLE = YES;
				IPHONEOS_DEPLOYMENT_TARGET = 9.3;
				MTL_ENABLE_DEBUG_INFO = YES;
				ONLY_ACTIVE_ARCH = YES;
				SDKROOT = iphoneos;
				SWIFT_OPTIMIZATION_LEVEL = "-Onone";
			};
			name = Debug;
		};
		CC0195021D53368700BA70C4 /* Release */ = {
			isa = XCBuildConfiguration;
			buildSettings = {
				ALWAYS_SEARCH_USER_PATHS = NO;
				CLANG_ANALYZER_NONNULL = YES;
				CLANG_CXX_LANGUAGE_STANDARD = "gnu++0x";
				CLANG_CXX_LIBRARY = "libc++";
				CLANG_ENABLE_MODULES = YES;
				CLANG_ENABLE_OBJC_ARC = YES;
				CLANG_WARN_BOOL_CONVERSION = YES;
				CLANG_WARN_CONSTANT_CONVERSION = YES;
				CLANG_WARN_DIRECT_OBJC_ISA_USAGE = YES_ERROR;
				CLANG_WARN_EMPTY_BODY = YES;
				CLANG_WARN_ENUM_CONVERSION = YES;
				CLANG_WARN_INT_CONVERSION = YES;
				CLANG_WARN_OBJC_ROOT_CLASS = YES_ERROR;
				CLANG_WARN_UNREACHABLE_CODE = YES;
				CLANG_WARN__DUPLICATE_METHOD_MATCH = YES;
				"CODE_SIGN_IDENTITY[sdk=iphoneos*]" = "iPhone Developer";
				COPY_PHASE_STRIP = NO;
				DEBUG_INFORMATION_FORMAT = "dwarf-with-dsym";
				ENABLE_NS_ASSERTIONS = NO;
				ENABLE_STRICT_OBJC_MSGSEND = YES;
				GCC_C_LANGUAGE_STANDARD = gnu99;
				GCC_NO_COMMON_BLOCKS = YES;
				GCC_WARN_64_TO_32_BIT_CONVERSION = YES;
				GCC_WARN_ABOUT_RETURN_TYPE = YES_ERROR;
				GCC_WARN_UNDECLARED_SELECTOR = YES;
				GCC_WARN_UNINITIALIZED_AUTOS = YES_AGGRESSIVE;
				GCC_WARN_UNUSED_FUNCTION = YES;
				GCC_WARN_UNUSED_VARIABLE = YES;
				IPHONEOS_DEPLOYMENT_TARGET = 9.3;
				MTL_ENABLE_DEBUG_INFO = NO;
				SDKROOT = iphoneos;
				VALIDATE_PRODUCT = YES;
			};
			name = Release;
		};
		CC0195041D53368700BA70C4 /* Debug */ = {
			isa = XCBuildConfiguration;
			buildSettings = {
				ASSETCATALOG_COMPILER_APPICON_NAME = AppIcon;
				INFOPLIST_FILE = "08-xib自定义cell/Info.plist";
				LD_RUNPATH_SEARCH_PATHS = "$(inherited) @executable_path/Frameworks";
				PRODUCT_BUNDLE_IDENTIFIER = "com.Qingyun.-8-xib---cell";
				PRODUCT_NAME = "$(TARGET_NAME)";
			};
			name = Debug;
		};
		CC0195051D53368700BA70C4 /* Release */ = {
			isa = XCBuildConfiguration;
			buildSettings = {
				ASSETCATALOG_COMPILER_APPICON_NAME = AppIcon;
				INFOPLIST_FILE = "08-xib自定义cell/Info.plist";
				LD_RUNPATH_SEARCH_PATHS = "$(inherited) @executable_path/Frameworks";
				PRODUCT_BUNDLE_IDENTIFIER = "com.Qingyun.-8-xib---cell";
				PRODUCT_NAME = "$(TARGET_NAME)";
			};
			name = Release;
		};
/* End XCBuildConfiguration section */

/* Begin XCConfigurationList section */
		CC0194EC1D53368700BA70C4 /* Build configuration list for PBXProject "08-xib自定义cell" */ = {
			isa = XCConfigurationList;
			buildConfigurations = (
				CC0195011D53368700BA70C4 /* Debug */,
				CC0195021D53368700BA70C4 /* Release */,
			);
			defaultConfigurationIsVisible = 0;
			defaultConfigurationName = Release;
		};
		CC0195031D53368700BA70C4 /* Build configuration list for PBXNativeTarget "08-xib自定义cell" */ = {
			isa = XCConfigurationList;
			buildConfigurations = (
				CC0195041D53368700BA70C4 /* Debug */,
				CC0195051D53368700BA70C4 /* Release */,
			);
			defaultConfigurationIsVisible = 0;
		};
/* End XCConfigurationList section */
	};
	rootObject = CC0194E91D53368700BA70C4 /* Project object */;
}
